
Microsoft Visual Studio Solution File, Format Version 12.00
Project("{2150E333-8FDC-42A3-9474-1A3956D46DE8}") = "src", "src", "{4FCD8132-B437-4C95-B606-5A6C2D52811B}"
EndProject
Project("{2150E333-8FDC-42A3-9474-1A3956D46DE8}") = "Gateway", "Gateway", "{3997720D-FF47-4020-9E28-27F8F27283AE}"
EndProject
Project("{2150E333-8FDC-42A3-9474-1A3956D46DE8}") = "Services", "Services", "{669D936C-0EA9-4283-8438-7EE11EC48582}"
EndProject
Project("{2150E333-8FDC-42A3-9474-1A3956D46DE8}") = "tests", "tests", "{BEF7CDDB-0C6C-476A-BC7A-CFB477A9AE1C}"
EndProject
Project("{FAE04EC0-301F-11D3-BF4B-00C04F79EFBC}") = "BotIntegration.Gateway", "BotIntegration.Gateway\BotIntegration.Gateway.csproj", "{2C791244-A4B8-49C8-A32B-71B46D9743F9}"
EndProject
Project("{2150E333-8FDC-42A3-9474-1A3956D46DE8}") = "Shared", "Shared", "{5867C45A-C78F-40A1-88FB-9346A2DB1E11}"
EndProject
Project("{FAE04EC0-301F-11D3-BF4B-00C04F79EFBC}") = "BotIntegration.Shared", "BotIntegration.Shared\BotIntegration.Shared.csproj", "{732C1421-151B-4241-BB9B-E9A079C9C819}"
EndProject
Project("{FAE04EC0-301F-11D3-BF4B-00C04F79EFBC}") = "BotIntegration.Services.YouTube", "BotIntegration.Services.YouTube\BotIntegration.Services.YouTube.csproj", "{E886B0A5-CC6F-4D60-8057-3B3DCB77ABA6}"
EndProject
Project("{FAE04EC0-301F-11D3-BF4B-00C04F79EFBC}") = "BotIntegration.Services.FileSharing", "BotIntegration.Services.FileSharing\BotIntegration.Services.FileSharing.csproj", "{BDC371E9-8AF5-4B06-AFC9-18A9F55D49EB}"
EndProject
Project("{FAE04EC0-301F-11D3-BF4B-00C04F79EFBC}") = "BotIntegration.Services.FileSharing.FrontEnd", "BotIntegration.Services.FileSharing.FrontEnd\BotIntegration.Services.FileSharing.FrontEnd.csproj", "{9C7931FE-D731-4CAA-935A-3F5A8C174BCB}"
EndProject
Project("{FAE04EC0-301F-11D3-BF4B-00C04F79EFBC}") = "BotIntegration.Services.Audio", "BotIntegration.Services.Audio\BotIntegration.Services.Audio.csproj", "{2220D2FD-A400-44C7-9D97-CF4B5BCA82A5}"
EndProject
Global
	GlobalSection(SolutionConfigurationPlatforms) = preSolution
		Debug|Any CPU = Debug|Any CPU
		Release|Any CPU = Release|Any CPU
	EndGlobalSection
	GlobalSection(ProjectConfigurationPlatforms) = postSolution
		{2C791244-A4B8-49C8-A32B-71B46D9743F9}.Debug|Any CPU.ActiveCfg = Debug|Any CPU
		{2C791244-A4B8-49C8-A32B-71B46D9743F9}.Debug|Any CPU.Build.0 = Debug|Any CPU
		{2C791244-A4B8-49C8-A32B-71B46D9743F9}.Release|Any CPU.ActiveCfg = Release|Any CPU
		{2C791244-A4B8-49C8-A32B-71B46D9743F9}.Release|Any CPU.Build.0 = Release|Any CPU
		{732C1421-151B-4241-BB9B-E9A079C9C819}.Debug|Any CPU.ActiveCfg = Debug|Any CPU
		{732C1421-151B-4241-BB9B-E9A079C9C819}.Debug|Any CPU.Build.0 = Debug|Any CPU
		{732C1421-151B-4241-BB9B-E9A079C9C819}.Release|Any CPU.ActiveCfg = Release|Any CPU
		{732C1421-151B-4241-BB9B-E9A079C9C819}.Release|Any CPU.Build.0 = Release|Any CPU
		{E886B0A5-CC6F-4D60-8057-3B3DCB77ABA6}.Debug|Any CPU.ActiveCfg = Debug|Any CPU
		{E886B0A5-CC6F-4D60-8057-3B3DCB77ABA6}.Debug|Any CPU.Build.0 = Debug|Any CPU
		{E886B0A5-CC6F-4D60-8057-3B3DCB77ABA6}.Release|Any CPU.ActiveCfg = Release|Any CPU
		{E886B0A5-CC6F-4D60-8057-3B3DCB77ABA6}.Release|Any CPU.Build.0 = Release|Any CPU
		{BDC371E9-8AF5-4B06-AFC9-18A9F55D49EB}.Debug|Any CPU.ActiveCfg = Debug|Any CPU
		{BDC371E9-8AF5-4B06-AFC9-18A9F55D49EB}.Debug|Any CPU.Build.0 = Debug|Any CPU
		{BDC371E9-8AF5-4B06-AFC9-18A9F55D49EB}.Release|Any CPU.ActiveCfg = Release|Any CPU
		{BDC371E9-8AF5-4B06-AFC9-18A9F55D49EB}.Release|Any CPU.Build.0 = Release|Any CPU
		{9C7931FE-D731-4CAA-935A-3F5A8C174BCB}.Debug|Any CPU.ActiveCfg = Debug|Any CPU
		{9C7931FE-D731-4CAA-935A-3F5A8C174BCB}.Debug|Any CPU.Build.0 = Debug|Any CPU
		{9C7931FE-D731-4CAA-935A-3F5A8C174BCB}.Release|Any CPU.ActiveCfg = Release|Any CPU
		{9C7931FE-D731-4CAA-935A-3F5A8C174BCB}.Release|Any CPU.Build.0 = Release|Any CPU
		{2220D2FD-A400-44C7-9D97-CF4B5BCA82A5}.Debug|Any CPU.ActiveCfg = Debug|Any CPU
		{2220D2FD-A400-44C7-9D97-CF4B5BCA82A5}.Debug|Any CPU.Build.0 = Debug|Any CPU
		{2220D2FD-A400-44C7-9D97-CF4B5BCA82A5}.Release|Any CPU.ActiveCfg = Release|Any CPU
		{2220D2FD-A400-44C7-9D97-CF4B5BCA82A5}.Release|Any CPU.Build.0 = Release|Any CPU
	EndGlobalSection
	GlobalSection(NestedProjects) = preSolution
		{3997720D-FF47-4020-9E28-27F8F27283AE} = {4FCD8132-B437-4C95-B606-5A6C2D52811B}
		{669D936C-0EA9-4283-8438-7EE11EC48582} = {4FCD8132-B437-4C95-B606-5A6C2D52811B}
		{2C791244-A4B8-49C8-A32B-71B46D9743F9} = {3997720D-FF47-4020-9E28-27F8F27283AE}
		{5867C45A-C78F-40A1-88FB-9346A2DB1E11} = {4FCD8132-B437-4C95-B606-5A6C2D52811B}
		{732C1421-151B-4241-BB9B-E9A079C9C819} = {5867C45A-C78F-40A1-88FB-9346A2DB1E11}
		{E886B0A5-CC6F-4D60-8057-3B3DCB77ABA6} = {669D936C-0EA9-4283-8438-7EE11EC48582}
		{BDC371E9-8AF5-4B06-AFC9-18A9F55D49EB} = {669D936C-0EA9-4283-8438-7EE11EC48582}
		{9C7931FE-D731-4CAA-935A-3F5A8C174BCB} = {669D936C-0EA9-4283-8438-7EE11EC48582}
		{2220D2FD-A400-44C7-9D97-CF4B5BCA82A5} = {669D936C-0EA9-4283-8438-7EE11EC48582}
	EndGlobalSection
EndGlobal
